// !$*UTF8*$!
{
	archiveVersion = 1;
	classes = {
	};
	objectVersion = 46;
	objects = {

/* Begin PBXBuildFile section */
		044D64B61A93F40C00EB57C2 /* MapKit.framework in Frameworks */ = {isa = PBXBuildFile; fileRef = 044D64B51A93F40C00EB57C2 /* MapKit.framework */; };
		04691E801A928FA1001E84A4 /* WAEAppDelegate.m in Sources */ = {isa = PBXBuildFile; fileRef = 04691E701A928FA1001E84A4 /* WAEAppDelegate.m */; };
		04691E811A928FA1001E84A4 /* WAERootViewController.m in Sources */ = {isa = PBXBuildFile; fileRef = 04691E731A928FA1001E84A4 /* WAERootViewController.m */; };
		04691E831A928FA1001E84A4 /* main.m in Sources */ = {isa = PBXBuildFile; fileRef = 04691E791A928FA1001E84A4 /* main.m */; };
		04691E841A928FA1001E84A4 /* LaunchScreen.xib in Resources */ = {isa = PBXBuildFile; fileRef = 04691E7B1A928FA1001E84A4 /* LaunchScreen.xib */; };
		04691E851A928FA1001E84A4 /* Main.storyboard in Resources */ = {isa = PBXBuildFile; fileRef = 04691E7D1A928FA1001E84A4 /* Main.storyboard */; };
		04691E861A928FA1001E84A4 /* Images.xcassets in Resources */ = {isa = PBXBuildFile; fileRef = 04691E7F1A928FA1001E84A4 /* Images.xcassets */; };
		046A26FE1A9A87F800822E8C /* WAEBouncyTransition.m in Sources */ = {isa = PBXBuildFile; fileRef = 046A26FD1A9A87F800822E8C /* WAEBouncyTransition.m */; };
		04B14DAD1A94390500781B95 /* WAERequestsHelper.m in Sources */ = {isa = PBXBuildFile; fileRef = 04B14DAC1A94390500781B95 /* WAERequestsHelper.m */; };
		04B14DB31A9441D300781B95 /* JIMEnvironments.m in Sources */ = {isa = PBXBuildFile; fileRef = 04B14DB11A9441D300781B95 /* JIMEnvironments.m */; };
		04B14DB61A9442A200781B95 /* Environments.dist.plist in Resources */ = {isa = PBXBuildFile; fileRef = 04B14DB41A9442A200781B95 /* Environments.dist.plist */; };
		04B14DB71A9442A200781B95 /* Environments.plist in Resources */ = {isa = PBXBuildFile; fileRef = 04B14DB51A9442A200781B95 /* Environments.plist */; };
		04B19F421A96BFC4008572E5 /* NSString+JIMNSStringUtilities.m in Sources */ = {isa = PBXBuildFile; fileRef = 04B19F411A96BFC4008572E5 /* NSString+JIMNSStringUtilities.m */; };
		04B19F461A96CE80008572E5 /* libz.dylib in Frameworks */ = {isa = PBXBuildFile; fileRef = 04B19F451A96CE80008572E5 /* libz.dylib */; };
		04B19F481A978010008572E5 /* Reveal.framework in Frameworks */ = {isa = PBXBuildFile; fileRef = 04B19F471A978010008572E5 /* Reveal.framework */; };
		04B19F4B1A97964A008572E5 /* WAECitiesCollectionViewController.m in Sources */ = {isa = PBXBuildFile; fileRef = 04B19F4A1A97964A008572E5 /* WAECitiesCollectionViewController.m */; };
		04B19F4E1A979C4B008572E5 /* WAECityCollectionViewCell.m in Sources */ = {isa = PBXBuildFile; fileRef = 04B19F4D1A979C4B008572E5 /* WAECityCollectionViewCell.m */; };
		04B19F501A980DAB008572E5 /* InfoPlist.strings in Resources */ = {isa = PBXBuildFile; fileRef = 04B19F4F1A980DAB008572E5 /* InfoPlist.strings */; };
		04BF7E5B1A9BBFC40088707F /* WAERequestsHelperTest.m in Sources */ = {isa = PBXBuildFile; fileRef = 04BF7E5A1A9BBFC40088707F /* WAERequestsHelperTest.m */; };
		04BF7E5D1A9BCE8E0088707F /* WAEFlickrHelperTest.m in Sources */ = {isa = PBXBuildFile; fileRef = 04BF7E5C1A9BCE8E0088707F /* WAEFlickrHelperTest.m */; };
		04BFF8A41A92ADF300022B4A /* WAEConstants.m in Sources */ = {isa = PBXBuildFile; fileRef = 04BFF8A31A92ADF300022B4A /* WAEConstants.m */; };
		04CFA60E1A98FDAF00F0224E /* WAEFlickrHelper.m in Sources */ = {isa = PBXBuildFile; fileRef = 04CFA60D1A98FDAF00F0224E /* WAEFlickrHelper.m */; };
		04CFA6111A98FDF800F0224E /* WAEOpenWeatherMapHelper.m in Sources */ = {isa = PBXBuildFile; fileRef = 04CFA6101A98FDF800F0224E /* WAEOpenWeatherMapHelper.m */; };
		04CFA6171A98FF1200F0224E /* WAECitiesHelper.m in Sources */ = {isa = PBXBuildFile; fileRef = 04CFA6161A98FF1200F0224E /* WAECitiesHelper.m */; };
		04CFA61A1A99025A00F0224E /* WAESettingsViewController.m in Sources */ = {isa = PBXBuildFile; fileRef = 04CFA6191A99025A00F0224E /* WAESettingsViewController.m */; };
		73472E488CF473937F3D6674 /* libPods-WeatherAppExercise.a in Frameworks */ = {isa = PBXBuildFile; fileRef = 1BD5556B226745DC8712FC8E /* libPods-WeatherAppExercise.a */; };
/* End PBXBuildFile section */

/* Begin PBXContainerItemProxy section */
		0479E4E71A928D6A00A90E56 /* PBXContainerItemProxy */ = {
			isa = PBXContainerItemProxy;
			containerPortal = 0479E4C51A928D6900A90E56 /* Project object */;
			proxyType = 1;
			remoteGlobalIDString = 0479E4CC1A928D6900A90E56;
			remoteInfo = WeatherAppExercise;
		};
/* End PBXContainerItemProxy section */

/* Begin PBXFileReference section */
		044D64B51A93F40C00EB57C2 /* MapKit.framework */ = {isa = PBXFileReference; lastKnownFileType = wrapper.framework; name = MapKit.framework; path = System/Library/Frameworks/MapKit.framework; sourceTree = SDKROOT; };
		04691E6F1A928FA1001E84A4 /* WAEAppDelegate.h */ = {isa = PBXFileReference; fileEncoding = 4; lastKnownFileType = sourcecode.c.h; path = WAEAppDelegate.h; sourceTree = "<group>"; };
		04691E701A928FA1001E84A4 /* WAEAppDelegate.m */ = {isa = PBXFileReference; fileEncoding = 4; lastKnownFileType = sourcecode.c.objc; path = WAEAppDelegate.m; sourceTree = "<group>"; };
		04691E721A928FA1001E84A4 /* WAERootViewController.h */ = {isa = PBXFileReference; fileEncoding = 4; lastKnownFileType = sourcecode.c.h; path = WAERootViewController.h; sourceTree = "<group>"; };
		04691E731A928FA1001E84A4 /* WAERootViewController.m */ = {isa = PBXFileReference; fileEncoding = 4; lastKnownFileType = sourcecode.c.objc; path = WAERootViewController.m; sourceTree = "<group>"; };
		04691E781A928FA1001E84A4 /* Info.plist */ = {isa = PBXFileReference; fileEncoding = 4; lastKnownFileType = text.plist.xml; path = Info.plist; sourceTree = "<group>"; };
		04691E791A928FA1001E84A4 /* main.m */ = {isa = PBXFileReference; fileEncoding = 4; lastKnownFileType = sourcecode.c.objc; path = main.m; sourceTree = "<group>"; };
		04691E7C1A928FA1001E84A4 /* Base */ = {isa = PBXFileReference; lastKnownFileType = file.xib; name = Base; path = Base.lproj/LaunchScreen.xib; sourceTree = "<group>"; };
		04691E7E1A928FA1001E84A4 /* Base */ = {isa = PBXFileReference; lastKnownFileType = file.storyboard; name = Base; path = Base.lproj/Main.storyboard; sourceTree = "<group>"; };
		04691E7F1A928FA1001E84A4 /* Images.xcassets */ = {isa = PBXFileReference; lastKnownFileType = folder.assetcatalog; path = Images.xcassets; sourceTree = "<group>"; };
		04691E881A928FB5001E84A4 /* Info.plist */ = {isa = PBXFileReference; fileEncoding = 4; lastKnownFileType = text.plist.xml; path = Info.plist; sourceTree = "<group>"; };
		046A26FC1A9A87F800822E8C /* WAEBouncyTransition.h */ = {isa = PBXFileReference; fileEncoding = 4; lastKnownFileType = sourcecode.c.h; path = WAEBouncyTransition.h; sourceTree = "<group>"; };
		046A26FD1A9A87F800822E8C /* WAEBouncyTransition.m */ = {isa = PBXFileReference; fileEncoding = 4; lastKnownFileType = sourcecode.c.objc; path = WAEBouncyTransition.m; sourceTree = "<group>"; };
		0479E4CD1A928D6900A90E56 /* WeatherAppExercise.app */ = {isa = PBXFileReference; explicitFileType = wrapper.application; includeInIndex = 0; path = WeatherAppExercise.app; sourceTree = BUILT_PRODUCTS_DIR; };
		0479E4E61A928D6A00A90E56 /* WeatherAppExerciseTests.xctest */ = {isa = PBXFileReference; explicitFileType = wrapper.cfbundle; includeInIndex = 0; path = WeatherAppExerciseTests.xctest; sourceTree = BUILT_PRODUCTS_DIR; };
		04B14DAB1A94390500781B95 /* WAERequestsHelper.h */ = {isa = PBXFileReference; fileEncoding = 4; lastKnownFileType = sourcecode.c.h; path = WAERequestsHelper.h; sourceTree = "<group>"; };
		04B14DAC1A94390500781B95 /* WAERequestsHelper.m */ = {isa = PBXFileReference; fileEncoding = 4; lastKnownFileType = sourcecode.c.objc; path = WAERequestsHelper.m; sourceTree = "<group>"; };
		04B14DB01A9441D300781B95 /* JIMEnvironments.h */ = {isa = PBXFileReference; fileEncoding = 4; lastKnownFileType = sourcecode.c.h; path = JIMEnvironments.h; sourceTree = "<group>"; };
		04B14DB11A9441D300781B95 /* JIMEnvironments.m */ = {isa = PBXFileReference; fileEncoding = 4; lastKnownFileType = sourcecode.c.objc; path = JIMEnvironments.m; sourceTree = "<group>"; };
		04B14DB41A9442A200781B95 /* Environments.dist.plist */ = {isa = PBXFileReference; fileEncoding = 4; lastKnownFileType = text.plist.xml; path = Environments.dist.plist; sourceTree = "<group>"; };
		04B14DB51A9442A200781B95 /* Environments.plist */ = {isa = PBXFileReference; fileEncoding = 4; lastKnownFileType = text.plist.xml; path = Environments.plist; sourceTree = "<group>"; };
		04B19F401A96BFC4008572E5 /* NSString+JIMNSStringUtilities.h */ = {isa = PBXFileReference; fileEncoding = 4; lastKnownFileType = sourcecode.c.h; path = "NSString+JIMNSStringUtilities.h"; sourceTree = "<group>"; };
		04B19F411A96BFC4008572E5 /* NSString+JIMNSStringUtilities.m */ = {isa = PBXFileReference; fileEncoding = 4; lastKnownFileType = sourcecode.c.objc; path = "NSString+JIMNSStringUtilities.m"; sourceTree = "<group>"; };
		04B19F451A96CE80008572E5 /* libz.dylib */ = {isa = PBXFileReference; lastKnownFileType = "compiled.mach-o.dylib"; name = libz.dylib; path = usr/lib/libz.dylib; sourceTree = SDKROOT; };
		04B19F471A978010008572E5 /* Reveal.framework */ = {isa = PBXFileReference; lastKnownFileType = wrapper.framework; path = Reveal.framework; sourceTree = "<group>"; };
		04B19F491A97964A008572E5 /* WAECitiesCollectionViewController.h */ = {isa = PBXFileReference; fileEncoding = 4; lastKnownFileType = sourcecode.c.h; path = WAECitiesCollectionViewController.h; sourceTree = "<group>"; };
		04B19F4A1A97964A008572E5 /* WAECitiesCollectionViewController.m */ = {isa = PBXFileReference; fileEncoding = 4; lastKnownFileType = sourcecode.c.objc; path = WAECitiesCollectionViewController.m; sourceTree = "<group>"; };
		04B19F4C1A979C4B008572E5 /* WAECityCollectionViewCell.h */ = {isa = PBXFileReference; fileEncoding = 4; lastKnownFileType = sourcecode.c.h; path = WAECityCollectionViewCell.h; sourceTree = "<group>"; };
		04B19F4D1A979C4B008572E5 /* WAECityCollectionViewCell.m */ = {isa = PBXFileReference; fileEncoding = 4; lastKnownFileType = sourcecode.c.objc; path = WAECityCollectionViewCell.m; sourceTree = "<group>"; };
		04B19F4F1A980DAB008572E5 /* InfoPlist.strings */ = {isa = PBXFileReference; fileEncoding = 4; lastKnownFileType = text.plist.strings; path = InfoPlist.strings; sourceTree = "<group>"; };
		04BF7E5A1A9BBFC40088707F /* WAERequestsHelperTest.m */ = {isa = PBXFileReference; fileEncoding = 4; lastKnownFileType = sourcecode.c.objc; path = WAERequestsHelperTest.m; sourceTree = "<group>"; };
		04BF7E5C1A9BCE8E0088707F /* WAEFlickrHelperTest.m */ = {isa = PBXFileReference; fileEncoding = 4; lastKnownFileType = sourcecode.c.objc; path = WAEFlickrHelperTest.m; sourceTree = "<group>"; };
		04BFF8A21A92ADF300022B4A /* WAEConstants.h */ = {isa = PBXFileReference; fileEncoding = 4; lastKnownFileType = sourcecode.c.h; path = WAEConstants.h; sourceTree = "<group>"; };
		04BFF8A31A92ADF300022B4A /* WAEConstants.m */ = {isa = PBXFileReference; fileEncoding = 4; lastKnownFileType = sourcecode.c.objc; path = WAEConstants.m; sourceTree = "<group>"; };
		04CFA60C1A98FDAF00F0224E /* WAEFlickrHelper.h */ = {isa = PBXFileReference; fileEncoding = 4; lastKnownFileType = sourcecode.c.h; path = WAEFlickrHelper.h; sourceTree = "<group>"; };
		04CFA60D1A98FDAF00F0224E /* WAEFlickrHelper.m */ = {isa = PBXFileReference; fileEncoding = 4; lastKnownFileType = sourcecode.c.objc; path = WAEFlickrHelper.m; sourceTree = "<group>"; };
		04CFA60F1A98FDF800F0224E /* WAEOpenWeatherMapHelper.h */ = {isa = PBXFileReference; fileEncoding = 4; lastKnownFileType = sourcecode.c.h; path = WAEOpenWeatherMapHelper.h; sourceTree = "<group>"; };
		04CFA6101A98FDF800F0224E /* WAEOpenWeatherMapHelper.m */ = {isa = PBXFileReference; fileEncoding = 4; lastKnownFileType = sourcecode.c.objc; path = WAEOpenWeatherMapHelper.m; sourceTree = "<group>"; };
		04CFA6151A98FF1200F0224E /* WAECitiesHelper.h */ = {isa = PBXFileReference; fileEncoding = 4; lastKnownFileType = sourcecode.c.h; path = WAECitiesHelper.h; sourceTree = "<group>"; };
		04CFA6161A98FF1200F0224E /* WAECitiesHelper.m */ = {isa = PBXFileReference; fileEncoding = 4; lastKnownFileType = sourcecode.c.objc; path = WAECitiesHelper.m; sourceTree = "<group>"; };
		04CFA6181A99025A00F0224E /* WAESettingsViewController.h */ = {isa = PBXFileReference; fileEncoding = 4; lastKnownFileType = sourcecode.c.h; path = WAESettingsViewController.h; sourceTree = "<group>"; };
		04CFA6191A99025A00F0224E /* WAESettingsViewController.m */ = {isa = PBXFileReference; fileEncoding = 4; lastKnownFileType = sourcecode.c.objc; path = WAESettingsViewController.m; sourceTree = "<group>"; };
		1BD5556B226745DC8712FC8E /* libPods-WeatherAppExercise.a */ = {isa = PBXFileReference; explicitFileType = archive.ar; includeInIndex = 0; path = "libPods-WeatherAppExercise.a"; sourceTree = BUILT_PRODUCTS_DIR; };
		7D652935FB148A1EFABFABA9 /* Pods-WeatherAppExercise.debug.xcconfig */ = {isa = PBXFileReference; includeInIndex = 1; lastKnownFileType = text.xcconfig; name = "Pods-WeatherAppExercise.debug.xcconfig"; path = "Pods/Target Support Files/Pods-WeatherAppExercise/Pods-WeatherAppExercise.debug.xcconfig"; sourceTree = "<group>"; };
		BAC2C91F3B2156603D870556 /* Pods-WeatherAppExercise.release.xcconfig */ = {isa = PBXFileReference; includeInIndex = 1; lastKnownFileType = text.xcconfig; name = "Pods-WeatherAppExercise.release.xcconfig"; path = "Pods/Target Support Files/Pods-WeatherAppExercise/Pods-WeatherAppExercise.release.xcconfig"; sourceTree = "<group>"; };
/* End PBXFileReference section */

/* Begin PBXFrameworksBuildPhase section */
		0479E4CA1A928D6900A90E56 /* Frameworks */ = {
			isa = PBXFrameworksBuildPhase;
			buildActionMask = 2147483647;
			files = (
				04B19F461A96CE80008572E5 /* libz.dylib in Frameworks */,
				044D64B61A93F40C00EB57C2 /* MapKit.framework in Frameworks */,
				73472E488CF473937F3D6674 /* libPods-WeatherAppExercise.a in Frameworks */,
				04B19F481A978010008572E5 /* Reveal.framework in Frameworks */,
			);
			runOnlyForDeploymentPostprocessing = 0;
		};
		0479E4E31A928D6A00A90E56 /* Frameworks */ = {
			isa = PBXFrameworksBuildPhase;
			buildActionMask = 2147483647;
			files = (
			);
			runOnlyForDeploymentPostprocessing = 0;
		};
/* End PBXFrameworksBuildPhase section */

/* Begin PBXGroup section */
		044D64B71A93FB7E00EB57C2 /* Frameworks */ = {
			isa = PBXGroup;
			children = (
				04B19F451A96CE80008572E5 /* libz.dylib */,
				044D64B51A93F40C00EB57C2 /* MapKit.framework */,
				1BD5556B226745DC8712FC8E /* libPods-WeatherAppExercise.a */,
			);
			name = Frameworks;
			sourceTree = "<group>";
		};
		04691E6C1A928FA1001E84A4 /* WeatherAppExercise */ = {
			isa = PBXGroup;
			children = (
				04691E6D1A928FA1001E84A4 /* Classes */,
				04691E771A928FA1001E84A4 /* Externals */,
				04691E781A928FA1001E84A4 /* Info.plist */,
				04691E791A928FA1001E84A4 /* main.m */,
				04B14DB41A9442A200781B95 /* Environments.dist.plist */,
				04B14DB51A9442A200781B95 /* Environments.plist */,
				04691E7A1A928FA1001E84A4 /* Resources */,
			);
			path = WeatherAppExercise;
			sourceTree = "<group>";
		};
		04691E6D1A928FA1001E84A4 /* Classes */ = {
			isa = PBXGroup;
			children = (
				04691E6E1A928FA1001E84A4 /* AppDelegate */,
				04691E711A928FA1001E84A4 /* Controllers */,
				04691E741A928FA1001E84A4 /* Helpers */,
				04691E751A928FA1001E84A4 /* Models */,
				04691E761A928FA1001E84A4 /* Views */,
				04BFF8A21A92ADF300022B4A /* WAEConstants.h */,
				04BFF8A31A92ADF300022B4A /* WAEConstants.m */,
				046A26FC1A9A87F800822E8C /* WAEBouncyTransition.h */,
				046A26FD1A9A87F800822E8C /* WAEBouncyTransition.m */,
			);
			path = Classes;
			sourceTree = "<group>";
		};
		04691E6E1A928FA1001E84A4 /* AppDelegate */ = {
			isa = PBXGroup;
			children = (
				04691E6F1A928FA1001E84A4 /* WAEAppDelegate.h */,
				04691E701A928FA1001E84A4 /* WAEAppDelegate.m */,
			);
			path = AppDelegate;
			sourceTree = "<group>";
		};
		04691E711A928FA1001E84A4 /* Controllers */ = {
			isa = PBXGroup;
			children = (
				04691E721A928FA1001E84A4 /* WAERootViewController.h */,
				04691E731A928FA1001E84A4 /* WAERootViewController.m */,
				04B19F491A97964A008572E5 /* WAECitiesCollectionViewController.h */,
				04B19F4A1A97964A008572E5 /* WAECitiesCollectionViewController.m */,
				04CFA6181A99025A00F0224E /* WAESettingsViewController.h */,
				04CFA6191A99025A00F0224E /* WAESettingsViewController.m */,
			);
			path = Controllers;
			sourceTree = "<group>";
		};
		04691E741A928FA1001E84A4 /* Helpers */ = {
			isa = PBXGroup;
			children = (
				04B14DAB1A94390500781B95 /* WAERequestsHelper.h */,
				04B14DAC1A94390500781B95 /* WAERequestsHelper.m */,
				04CFA60C1A98FDAF00F0224E /* WAEFlickrHelper.h */,
				04CFA60D1A98FDAF00F0224E /* WAEFlickrHelper.m */,
				04CFA60F1A98FDF800F0224E /* WAEOpenWeatherMapHelper.h */,
				04CFA6101A98FDF800F0224E /* WAEOpenWeatherMapHelper.m */,
				04CFA6151A98FF1200F0224E /* WAECitiesHelper.h */,
				04CFA6161A98FF1200F0224E /* WAECitiesHelper.m */,
			);
			path = Helpers;
			sourceTree = "<group>";
		};
		04691E751A928FA1001E84A4 /* Models */ = {
			isa = PBXGroup;
			children = (
			);
			path = Models;
			sourceTree = "<group>";
		};
		04691E761A928FA1001E84A4 /* Views */ = {
			isa = PBXGroup;
			children = (
				04B19F4C1A979C4B008572E5 /* WAECityCollectionViewCell.h */,
				04B19F4D1A979C4B008572E5 /* WAECityCollectionViewCell.m */,
			);
			path = Views;
			sourceTree = "<group>";
		};
		04691E771A928FA1001E84A4 /* Externals */ = {
			isa = PBXGroup;
			children = (
				04B19F471A978010008572E5 /* Reveal.framework */,
				04B19F3F1A96BFC4008572E5 /* NSString+JIMNSStringUtilities */,
				04B14DAE1A9441D300781B95 /* JIMEnvironments */,
			);
			path = Externals;
			sourceTree = "<group>";
		};
		04691E7A1A928FA1001E84A4 /* Resources */ = {
			isa = PBXGroup;
			children = (
				04691E7B1A928FA1001E84A4 /* LaunchScreen.xib */,
				04691E7D1A928FA1001E84A4 /* Main.storyboard */,
				04691E7F1A928FA1001E84A4 /* Images.xcassets */,
				04B19F4F1A980DAB008572E5 /* InfoPlist.strings */,
			);
			path = Resources;
			sourceTree = "<group>";
		};
		04691E871A928FB5001E84A4 /* WeatherAppExerciseTests */ = {
			isa = PBXGroup;
			children = (
				04691E881A928FB5001E84A4 /* Info.plist */,
				04BF7E5A1A9BBFC40088707F /* WAERequestsHelperTest.m */,
				04BF7E5C1A9BCE8E0088707F /* WAEFlickrHelperTest.m */,
			);
			path = WeatherAppExerciseTests;
			sourceTree = "<group>";
		};
		0479E4C41A928D6900A90E56 = {
			isa = PBXGroup;
			children = (
				04691E6C1A928FA1001E84A4 /* WeatherAppExercise */,
				04691E871A928FB5001E84A4 /* WeatherAppExerciseTests */,
				0479E4CE1A928D6900A90E56 /* Products */,
				044D64B71A93FB7E00EB57C2 /* Frameworks */,
				975ACC69A3CB034586CA5437 /* Pods */,
			);
			sourceTree = "<group>";
		};
		0479E4CE1A928D6900A90E56 /* Products */ = {
			isa = PBXGroup;
			children = (
				0479E4CD1A928D6900A90E56 /* WeatherAppExercise.app */,
				0479E4E61A928D6A00A90E56 /* WeatherAppExerciseTests.xctest */,
			);
			name = Products;
			sourceTree = "<group>";
		};
		04B14DAE1A9441D300781B95 /* JIMEnvironments */ = {
			isa = PBXGroup;
			children = (
				04B14DB01A9441D300781B95 /* JIMEnvironments.h */,
				04B14DB11A9441D300781B95 /* JIMEnvironments.m */,
			);
			name = JIMEnvironments;
			path = JIMEnvironments/JIMEnvironments;
			sourceTree = "<group>";
		};
		04B19F3F1A96BFC4008572E5 /* NSString+JIMNSStringUtilities */ = {
			isa = PBXGroup;
			children = (
				04B19F401A96BFC4008572E5 /* NSString+JIMNSStringUtilities.h */,
				04B19F411A96BFC4008572E5 /* NSString+JIMNSStringUtilities.m */,
			);
			name = "NSString+JIMNSStringUtilities";
			path = "ios-externals/NSString+JIMNSStringUtilities";
			sourceTree = "<group>";
		};
		975ACC69A3CB034586CA5437 /* Pods */ = {
			isa = PBXGroup;
			children = (
				7D652935FB148A1EFABFABA9 /* Pods-WeatherAppExercise.debug.xcconfig */,
				BAC2C91F3B2156603D870556 /* Pods-WeatherAppExercise.release.xcconfig */,
			);
			name = Pods;
			sourceTree = "<group>";
		};
/* End PBXGroup section */

/* Begin PBXNativeTarget section */
		0479E4CC1A928D6900A90E56 /* WeatherAppExercise */ = {
			isa = PBXNativeTarget;
			buildConfigurationList = 0479E4F01A928D6A00A90E56 /* Build configuration list for PBXNativeTarget "WeatherAppExercise" */;
			buildPhases = (
				475891CBC3F957E3510AAD12 /* Check Pods Manifest.lock */,
				0479E4C91A928D6900A90E56 /* Sources */,
				0479E4CA1A928D6900A90E56 /* Frameworks */,
				0479E4CB1A928D6900A90E56 /* Resources */,
				5B13D1B98A58A12A13E0CF8C /* Copy Pods Resources */,
			);
			buildRules = (
			);
			dependencies = (
			);
			name = WeatherAppExercise;
			productName = WeatherAppExercise;
			productReference = 0479E4CD1A928D6900A90E56 /* WeatherAppExercise.app */;
			productType = "com.apple.product-type.application";
		};
		0479E4E51A928D6A00A90E56 /* WeatherAppExerciseTests */ = {
			isa = PBXNativeTarget;
			buildConfigurationList = 0479E4F31A928D6A00A90E56 /* Build configuration list for PBXNativeTarget "WeatherAppExerciseTests" */;
			buildPhases = (
				0479E4E21A928D6A00A90E56 /* Sources */,
				0479E4E31A928D6A00A90E56 /* Frameworks */,
				0479E4E41A928D6A00A90E56 /* Resources */,
			);
			buildRules = (
			);
			dependencies = (
				0479E4E81A928D6A00A90E56 /* PBXTargetDependency */,
			);
			name = WeatherAppExerciseTests;
			productName = WeatherAppExerciseTests;
			productReference = 0479E4E61A928D6A00A90E56 /* WeatherAppExerciseTests.xctest */;
			productType = "com.apple.product-type.bundle.unit-test";
		};
/* End PBXNativeTarget section */

/* Begin PBXProject section */
		0479E4C51A928D6900A90E56 /* Project object */ = {
			isa = PBXProject;
			attributes = {
				CLASSPREFIX = WAE;
				LastUpgradeCheck = 0610;
				ORGANIZATIONNAME = "Juan Felipe Alvarez Saldarriaga";
				TargetAttributes = {
					0479E4CC1A928D6900A90E56 = {
						CreatedOnToolsVersion = 6.1.1;
						SystemCapabilities = {
							com.apple.Maps.iOS = {
								enabled = 1;
							};
						};
					};
					0479E4E51A928D6A00A90E56 = {
						CreatedOnToolsVersion = 6.1.1;
						TestTargetID = 0479E4CC1A928D6900A90E56;
					};
				};
			};
			buildConfigurationList = 0479E4C81A928D6900A90E56 /* Build configuration list for PBXProject "WeatherAppExercise" */;
			compatibilityVersion = "Xcode 3.2";
			developmentRegion = English;
			hasScannedForEncodings = 0;
			knownRegions = (
				en,
				Base,
			);
			mainGroup = 0479E4C41A928D6900A90E56;
			productRefGroup = 0479E4CE1A928D6900A90E56 /* Products */;
			projectDirPath = "";
			projectRoot = "";
			targets = (
				0479E4CC1A928D6900A90E56 /* WeatherAppExercise */,
				0479E4E51A928D6A00A90E56 /* WeatherAppExerciseTests */,
			);
		};
/* End PBXProject section */

/* Begin PBXResourcesBuildPhase section */
		0479E4CB1A928D6900A90E56 /* Resources */ = {
			isa = PBXResourcesBuildPhase;
			buildActionMask = 2147483647;
			files = (
				04691E851A928FA1001E84A4 /* Main.storyboard in Resources */,
				04B19F501A980DAB008572E5 /* InfoPlist.strings in Resources */,
				04691E861A928FA1001E84A4 /* Images.xcassets in Resources */,
				04691E841A928FA1001E84A4 /* LaunchScreen.xib in Resources */,
				04B14DB71A9442A200781B95 /* Environments.plist in Resources */,
				04B14DB61A9442A200781B95 /* Environments.dist.plist in Resources */,
			);
			runOnlyForDeploymentPostprocessing = 0;
		};
		0479E4E41A928D6A00A90E56 /* Resources */ = {
			isa = PBXResourcesBuildPhase;
			buildActionMask = 2147483647;
			files = (
			);
			runOnlyForDeploymentPostprocessing = 0;
		};
/* End PBXResourcesBuildPhase section */

/* Begin PBXShellScriptBuildPhase section */
		475891CBC3F957E3510AAD12 /* Check Pods Manifest.lock */ = {
			isa = PBXShellScriptBuildPhase;
			buildActionMask = 2147483647;
			files = (
			);
			inputPaths = (
			);
			name = "Check Pods Manifest.lock";
			outputPaths = (
			);
			runOnlyForDeploymentPostprocessing = 0;
			shellPath = /bin/sh;
			shellScript = "diff \"${PODS_ROOT}/../Podfile.lock\" \"${PODS_ROOT}/Manifest.lock\" > /dev/null\nif [[ $? != 0 ]] ; then\n    cat << EOM\nerror: The sandbox is not in sync with the Podfile.lock. Run 'pod install' or update your CocoaPods installation.\nEOM\n    exit 1\nfi\n";
			showEnvVarsInLog = 0;
		};
		5B13D1B98A58A12A13E0CF8C /* Copy Pods Resources */ = {
			isa = PBXShellScriptBuildPhase;
			buildActionMask = 2147483647;
			files = (
			);
			inputPaths = (
			);
			name = "Copy Pods Resources";
			outputPaths = (
			);
			runOnlyForDeploymentPostprocessing = 0;
			shellPath = /bin/sh;
			shellScript = "\"${SRCROOT}/Pods/Target Support Files/Pods-WeatherAppExercise/Pods-WeatherAppExercise-resources.sh\"\n";
			showEnvVarsInLog = 0;
		};
/* End PBXShellScriptBuildPhase section */

/* Begin PBXSourcesBuildPhase section */
		0479E4C91A928D6900A90E56 /* Sources */ = {
			isa = PBXSourcesBuildPhase;
			buildActionMask = 2147483647;
			files = (
				046A26FE1A9A87F800822E8C /* WAEBouncyTransition.m in Sources */,
				04CFA60E1A98FDAF00F0224E /* WAEFlickrHelper.m in Sources */,
				04CFA6111A98FDF800F0224E /* WAEOpenWeatherMapHelper.m in Sources */,
				04B14DB31A9441D300781B95 /* JIMEnvironments.m in Sources */,
				04B19F4E1A979C4B008572E5 /* WAECityCollectionViewCell.m in Sources */,
				04691E811A928FA1001E84A4 /* WAERootViewController.m in Sources */,
				04691E831A928FA1001E84A4 /* main.m in Sources */,
				04CFA6171A98FF1200F0224E /* WAECitiesHelper.m in Sources */,
				04B14DAD1A94390500781B95 /* WAERequestsHelper.m in Sources */,
				04691E801A928FA1001E84A4 /* WAEAppDelegate.m in Sources */,
				04B19F421A96BFC4008572E5 /* NSString+JIMNSStringUtilities.m in Sources */,
				04BFF8A41A92ADF300022B4A /* WAEConstants.m in Sources */,
				04B19F4B1A97964A008572E5 /* WAECitiesCollectionViewController.m in Sources */,
				04CFA61A1A99025A00F0224E /* WAESettingsViewController.m in Sources */,
			);
			runOnlyForDeploymentPostprocessing = 0;
		};
		0479E4E21A928D6A00A90E56 /* Sources */ = {
			isa = PBXSourcesBuildPhase;
			buildActionMask = 2147483647;
			files = (
				04BF7E5D1A9BCE8E0088707F /* WAEFlickrHelperTest.m in Sources */,
				04BF7E5B1A9BBFC40088707F /* WAERequestsHelperTest.m in Sources */,
			);
			runOnlyForDeploymentPostprocessing = 0;
		};
/* End PBXSourcesBuildPhase section */

/* Begin PBXTargetDependency section */
		0479E4E81A928D6A00A90E56 /* PBXTargetDependency */ = {
			isa = PBXTargetDependency;
			target = 0479E4CC1A928D6900A90E56 /* WeatherAppExercise */;
			targetProxy = 0479E4E71A928D6A00A90E56 /* PBXContainerItemProxy */;
		};
/* End PBXTargetDependency section */

/* Begin PBXVariantGroup section */
		04691E7B1A928FA1001E84A4 /* LaunchScreen.xib */ = {
			isa = PBXVariantGroup;
			children = (
				04691E7C1A928FA1001E84A4 /* Base */,
			);
			name = LaunchScreen.xib;
			sourceTree = "<group>";
		};
		04691E7D1A928FA1001E84A4 /* Main.storyboard */ = {
			isa = PBXVariantGroup;
			children = (
				04691E7E1A928FA1001E84A4 /* Base */,
			);
			name = Main.storyboard;
			sourceTree = "<group>";
		};
/* End PBXVariantGroup section */

/* Begin XCBuildConfiguration section */
		0479E4EE1A928D6A00A90E56 /* Debug */ = {
			isa = XCBuildConfiguration;
			buildSettings = {
				ALWAYS_SEARCH_USER_PATHS = NO;
				CLANG_CXX_LANGUAGE_STANDARD = "gnu++0x";
				CLANG_CXX_LIBRARY = "libc++";
				CLANG_ENABLE_MODULES = YES;
				CLANG_ENABLE_OBJC_ARC = YES;
				CLANG_WARN_BOOL_CONVERSION = YES;
				CLANG_WARN_CONSTANT_CONVERSION = YES;
				CLANG_WARN_DIRECT_OBJC_ISA_USAGE = YES_ERROR;
				CLANG_WARN_EMPTY_BODY = YES;
				CLANG_WARN_ENUM_CONVERSION = YES;
				CLANG_WARN_INT_CONVERSION = YES;
				CLANG_WARN_OBJC_ROOT_CLASS = YES_ERROR;
				CLANG_WARN_UNREACHABLE_CODE = YES;
				CLANG_WARN__DUPLICATE_METHOD_MATCH = YES;
				"CODE_SIGN_IDENTITY[sdk=iphoneos*]" = "iPhone Developer";
				COPY_PHASE_STRIP = NO;
				ENABLE_STRICT_OBJC_MSGSEND = YES;
				GCC_C_LANGUAGE_STANDARD = gnu99;
				GCC_DYNAMIC_NO_PIC = NO;
				GCC_OPTIMIZATION_LEVEL = 0;
				GCC_PREPROCESSOR_DEFINITIONS = (
					"DEBUG=1",
					"$(inherited)",
				);
				GCC_SYMBOLS_PRIVATE_EXTERN = NO;
				GCC_WARN_64_TO_32_BIT_CONVERSION = YES;
				GCC_WARN_ABOUT_RETURN_TYPE = YES_ERROR;
				GCC_WARN_UNDECLARED_SELECTOR = YES;
				GCC_WARN_UNINITIALIZED_AUTOS = YES_AGGRESSIVE;
				GCC_WARN_UNUSED_FUNCTION = YES;
				GCC_WARN_UNUSED_VARIABLE = YES;
				IPHONEOS_DEPLOYMENT_TARGET = 8.1;
				MTL_ENABLE_DEBUG_INFO = YES;
				ONLY_ACTIVE_ARCH = YES;
				SDKROOT = iphoneos;
				TARGETED_DEVICE_FAMILY = "1,2";
			};
			name = Debug;
		};
		0479E4EF1A928D6A00A90E56 /* Release */ = {
			isa = XCBuildConfiguration;
			buildSettings = {
				ALWAYS_SEARCH_USER_PATHS = NO;
				CLANG_CXX_LANGUAGE_STANDARD = "gnu++0x";
				CLANG_CXX_LIBRARY = "libc++";
				CLANG_ENABLE_MODULES = YES;
				CLANG_ENABLE_OBJC_ARC = YES;
				CLANG_WARN_BOOL_CONVERSION = YES;
				CLANG_WARN_CONSTANT_CONVERSION = YES;
				CLANG_WARN_DIRECT_OBJC_ISA_USAGE = YES_ERROR;
				CLANG_WARN_EMPTY_BODY = YES;
				CLANG_WARN_ENUM_CONVERSION = YES;
				CLANG_WARN_INT_CONVERSION = YES;
				CLANG_WARN_OBJC_ROOT_CLASS = YES_ERROR;
				CLANG_WARN_UNREACHABLE_CODE = YES;
				CLANG_WARN__DUPLICATE_METHOD_MATCH = YES;
				"CODE_SIGN_IDENTITY[sdk=iphoneos*]" = "iPhone Developer";
				COPY_PHASE_STRIP = YES;
				ENABLE_NS_ASSERTIONS = NO;
				ENABLE_STRICT_OBJC_MSGSEND = YES;
				GCC_C_LANGUAGE_STANDARD = gnu99;
				GCC_WARN_64_TO_32_BIT_CONVERSION = YES;
				GCC_WARN_ABOUT_RETURN_TYPE = YES_ERROR;
				GCC_WARN_UNDECLARED_SELECTOR = YES;
				GCC_WARN_UNINITIALIZED_AUTOS = YES_AGGRESSIVE;
				GCC_WARN_UNUSED_FUNCTION = YES;
				GCC_WARN_UNUSED_VARIABLE = YES;
				IPHONEOS_DEPLOYMENT_TARGET = 8.1;
				MTL_ENABLE_DEBUG_INFO = NO;
				SDKROOT = iphoneos;
				TARGETED_DEVICE_FAMILY = "1,2";
				VALIDATE_PRODUCT = YES;
			};
			name = Release;
		};
		0479E4F11A928D6A00A90E56 /* Debug */ = {
			isa = XCBuildConfiguration;
			baseConfigurationReference = 7D652935FB148A1EFABFABA9 /* Pods-WeatherAppExercise.debug.xcconfig */;
			buildSettings = {
				ASSETCATALOG_COMPILER_APPICON_NAME = AppIcon;
				FRAMEWORK_SEARCH_PATHS = (
					"$(inherited)",
					"$(PROJECT_DIR)/WeatherAppExercise/Externals",
				);
				INFOPLIST_FILE = WeatherAppExercise/Info.plist;
				LD_RUNPATH_SEARCH_PATHS = "$(inherited) @executable_path/Frameworks";
				PRODUCT_NAME = "$(TARGET_NAME)";
			};
			name = Debug;
		};
		0479E4F21A928D6A00A90E56 /* Release */ = {
			isa = XCBuildConfiguration;
			baseConfigurationReference = BAC2C91F3B2156603D870556 /* Pods-WeatherAppExercise.release.xcconfig */;
			buildSettings = {
				ASSETCATALOG_COMPILER_APPICON_NAME = AppIcon;
				FRAMEWORK_SEARCH_PATHS = (
					"$(inherited)",
					"$(PROJECT_DIR)/WeatherAppExercise/Externals",
				);
				INFOPLIST_FILE = WeatherAppExercise/Info.plist;
				LD_RUNPATH_SEARCH_PATHS = "$(inherited) @executable_path/Frameworks";
				PRODUCT_NAME = "$(TARGET_NAME)";
			};
			name = Release;
		};
		0479E4F41A928D6A00A90E56 /* Debug */ = {
			isa = XCBuildConfiguration;
			buildSettings = {
				BUNDLE_LOADER = "$(TEST_HOST)";
				FRAMEWORK_SEARCH_PATHS = (
					"$(SDKROOT)/Developer/Library/Frameworks",
					"$(inherited)",
				);
				GCC_PREPROCESSOR_DEFINITIONS = (
					"DEBUG=1",
					"$(inherited)",
				);
				INFOPLIST_FILE = WeatherAppExerciseTests/Info.plist;
				LD_RUNPATH_SEARCH_PATHS = "$(inherited) @executable_path/Frameworks @loader_path/Frameworks";
				PRODUCT_NAME = "$(TARGET_NAME)";
				TEST_HOST = "$(BUILT_PRODUCTS_DIR)/WeatherAppExercise.app/WeatherAppExercise";
			};
			name = Debug;
		};
		0479E4F51A928D6A00A90E56 /* Release */ = {
			isa = XCBuildConfiguration;
			buildSettings = {
				BUNDLE_LOADER = "$(TEST_HOST)";
				FRAMEWORK_SEARCH_PATHS = (
					"$(SDKROOT)/Developer/Library/Frameworks",
					"$(inherited)",
				);
				INFOPLIST_FILE = WeatherAppExerciseTests/Info.plist;
				LD_RUNPATH_SEARCH_PATHS = "$(inherited) @executable_path/Frameworks @loader_path/Frameworks";
				PRODUCT_NAME = "$(TARGET_NAME)";
				TEST_HOST = "$(BUILT_PRODUCTS_DIR)/WeatherAppExercise.app/WeatherAppExercise";
			};
			name = Release;
		};
/* End XCBuildConfiguration section */

/* Begin XCConfigurationList section */
		0479E4C81A928D6900A90E56 /* Build configuration list for PBXProject "WeatherAppExercise" */ = {
			isa = XCConfigurationList;
			buildConfigurations = (
				0479E4EE1A928D6A00A90E56 /* Debug */,
				0479E4EF1A928D6A00A90E56 /* Release */,
			);
			defaultConfigurationIsVisible = 0;
			defaultConfigurationName = Release;
		};
		0479E4F01A928D6A00A90E56 /* Build configuration list for PBXNativeTarget "WeatherAppExercise" */ = {
			isa = XCConfigurationList;
			buildConfigurations = (
				0479E4F11A928D6A00A90E56 /* Debug */,
				0479E4F21A928D6A00A90E56 /* Release */,
			);
			defaultConfigurationIsVisible = 0;
			defaultConfigurationName = Release;
		};
		0479E4F31A928D6A00A90E56 /* Build configuration list for PBXNativeTarget "WeatherAppExerciseTests" */ = {
			isa = XCConfigurationList;
			buildConfigurations = (
				0479E4F41A928D6A00A90E56 /* Debug */,
				0479E4F51A928D6A00A90E56 /* Release */,
			);
			defaultConfigurationIsVisible = 0;
			defaultConfigurationName = Release;
		};
/* End XCConfigurationList section */
	};
	rootObject = 0479E4C51A928D6900A90E56 /* Project object */;
}
